
Microsoft Visual Studio Solution File, Format Version 12.00
# Visual Studio Version 16
VisualStudioVersion = 16.0.31112.23
MinimumVisualStudioVersion = 10.0.40219.1
Project("{FAE04EC0-301F-11D3-BF4B-00C04F79EFBC}") = "ArchECS", "ArchECS\ArchECS.csproj", "{9E39385E-4B52-493F-AB29-85BC56A132DE}"
EndProject
Project("{FAE04EC0-301F-11D3-BF4B-00C04F79EFBC}") = "ECSTest", "ECSTest\ECSTest.csproj", "{B1B8B8A5-BA3B-4CB9-88FB-3536508A5FBE}"
EndProject
Global
	GlobalSection(SolutionConfigurationPlatforms) = preSolution
		Debug|Any CPU = Debug|Any CPU
		Release|Any CPU = Release|Any CPU
	EndGlobalSection
	GlobalSection(ProjectConfigurationPlatforms) = postSolution
		{9E39385E-4B52-493F-AB29-85BC56A132DE}.Debug|Any CPU.ActiveCfg = Debug|Any CPU
		{9E39385E-4B52-493F-AB29-85BC56A132DE}.Debug|Any CPU.Build.0 = Debug|Any CPU
		{9E39385E-4B52-493F-AB29-85BC56A132DE}.Release|Any CPU.ActiveCfg = Release|Any CPU
		{9E39385E-4B52-493F-AB29-85BC56A132DE}.Release|Any CPU.Build.0 = Release|Any CPU
		{B1B8B8A5-BA3B-4CB9-88FB-3536508A5FBE}.Debug|Any CPU.ActiveCfg = Debug|Any CPU
		{B1B8B8A5-BA3B-4CB9-88FB-3536508A5FBE}.Debug|Any CPU.Build.0 = Debug|Any CPU
		{B1B8B8A5-BA3B-4CB9-88FB-3536508A5FBE}.Release|Any CPU.ActiveCfg = Release|Any CPU
		{B1B8B8A5-BA3B-4CB9-88FB-3536508A5FBE}.Release|Any CPU.Build.0 = Release|Any CPU
	EndGlobalSection
	GlobalSection(SolutionProperties) = preSolution
		HideSolutionNode = FALSE
	EndGlobalSection
	GlobalSection(ExtensibilityGlobals) = postSolution
		SolutionGuid = {D98D5ED6-CD6F-4A20-A074-0665AB2A937E}
	EndGlobalSection
EndGlobal
